PODS:
  - AWSAuthCore (2.23.0):
    - AWSCore (= 2.23.0)
  - AWSCognitoIdentityProvider (2.23.0):
    - AWSCognitoIdentityProviderASF (= 2.23.0)
    - AWSCore (= 2.23.0)
  - AWSCognitoIdentityProviderASF (2.23.0)
  - AWSCore (2.23.0)
  - AWSMobileClient (2.23.0):
    - AWSAuthCore (= 2.23.0)
    - AWSCognitoIdentityProvider (= 2.23.0)
    - AWSCognitoIdentityProviderASF (= 2.23.0)
    - AWSCore (= 2.23.0)
  - AWSPinpoint (2.23.0):
    - AWSCore (= 2.23.0)

DEPENDENCIES:
  - AWSMobileClient
  - AWSPinpoint

SPEC REPOS:
  trunk:
    - AWSAuthCore
    - AWSCognitoIdentityProvider
    - AWSCognitoIdentityProviderASF
    - AWSCore
    - AWSMobileClient
    - AWSPinpoint

SPEC CHECKSUMS:
  AWSAuthCore: 037e5faef3f7a0b4501eddcc382f9c74a22c0a77
  AWSCognitoIdentityProvider: c078ed88e0f8d2df52850acfa2dae91c451ae47e
  AWSCognitoIdentityProviderASF: fa862263b46ce6dcd28b85a906d21874fb28b15a
  AWSCore: 589ad0bd5b72e9a95ce33834f12339b50cfc9f14
  AWSMobileClient: 5701d5ac51ec0de781d848754f9d9952ead1c639
  AWSPinpoint: 434b3c8fd2cca5b2a4c2d60a4609d7eef9a9cd88

PODFILE CHECKSUM: 4a59d4f633901c54c8c603a3930639f28a66090c

COCOAPODS: 1.10.1
